
Microsoft Visual Studio Solution File, Format Version 12.00
# Visual Studio 2013
VisualStudioVersion = 12.0.40629.0
MinimumVisualStudioVersion = 10.0.40219.1
Project("{FAE04EC0-301F-11D3-BF4B-00C04F79EFBC}") = "Nagios.NRDP.Client.Net", "Nagios.NRDP.Client.Net\Nagios.NRDP.Client.Net.csproj", "{674136CC-A62B-4DE6-B0CF-0FF4B4ECFF92}"
EndProject
Project("{FAE04EC0-301F-11D3-BF4B-00C04F79EFBC}") = "Nagios.NRDP.Client.Net.Tests", "Nagios.NRDP.Client.Net.Tests\Nagios.NRDP.Client.Net.Tests.csproj", "{7D93066E-F3CB-4EB6-8C15-847CE00933F0}"
EndProject
Global
	GlobalSection(SolutionConfigurationPlatforms) = preSolution
		Debug|Any CPU = Debug|Any CPU
		Release|Any CPU = Release|Any CPU
	EndGlobalSection
	GlobalSection(ProjectConfigurationPlatforms) = postSolution
		{674136CC-A62B-4DE6-B0CF-0FF4B4ECFF92}.Debug|Any CPU.ActiveCfg = Debug|Any CPU
		{674136CC-A62B-4DE6-B0CF-0FF4B4ECFF92}.Debug|Any CPU.Build.0 = Debug|Any CPU
		{674136CC-A62B-4DE6-B0CF-0FF4B4ECFF92}.Release|Any CPU.ActiveCfg = Release|Any CPU
		{674136CC-A62B-4DE6-B0CF-0FF4B4ECFF92}.Release|Any CPU.Build.0 = Release|Any CPU
		{7D93066E-F3CB-4EB6-8C15-847CE00933F0}.Debug|Any CPU.ActiveCfg = Debug|Any CPU
		{7D93066E-F3CB-4EB6-8C15-847CE00933F0}.Debug|Any CPU.Build.0 = Debug|Any CPU
		{7D93066E-F3CB-4EB6-8C15-847CE00933F0}.Release|Any CPU.ActiveCfg = Release|Any CPU
		{7D93066E-F3CB-4EB6-8C15-847CE00933F0}.Release|Any CPU.Build.0 = Release|Any CPU
	EndGlobalSection
	GlobalSection(SolutionProperties) = preSolution
		HideSolutionNode = FALSE
	EndGlobalSection
EndGlobal
